
Microsoft Visual Studio Solution File, Format Version 12.00
# Visual Studio Version 17
VisualStudioVersion = 17.4.33205.214
MinimumVisualStudioVersion = 10.0.40219.1
Project("{9A19103F-16F7-4668-BE54-9A1E7A4F7556}") = "Task_Project", "Task_Project\Task_Project.csproj", "{56315F21-E0E5-40D2-A6B7-637B3AE6629E}"
EndProject
Project("{FAE04EC0-301F-11D3-BF4B-00C04F79EFBC}") = "Task_Project.Tests", "Task_Project.Tests\Task_Project.Tests.csproj", "{3CA50594-DB00-4CA8-9CF5-D48170CACFB0}"
EndProject
Global
	GlobalSection(SolutionConfigurationPlatforms) = preSolution
		Debug|Any CPU = Debug|Any CPU
		Release|Any CPU = Release|Any CPU
	EndGlobalSection
	GlobalSection(ProjectConfigurationPlatforms) = postSolution
		{56315F21-E0E5-40D2-A6B7-637B3AE6629E}.Debug|Any CPU.ActiveCfg = Debug|Any CPU
		{56315F21-E0E5-40D2-A6B7-637B3AE6629E}.Debug|Any CPU.Build.0 = Debug|Any CPU
		{56315F21-E0E5-40D2-A6B7-637B3AE6629E}.Release|Any CPU.ActiveCfg = Release|Any CPU
		{56315F21-E0E5-40D2-A6B7-637B3AE6629E}.Release|Any CPU.Build.0 = Release|Any CPU
		{3CA50594-DB00-4CA8-9CF5-D48170CACFB0}.Debug|Any CPU.ActiveCfg = Debug|Any CPU
		{3CA50594-DB00-4CA8-9CF5-D48170CACFB0}.Debug|Any CPU.Build.0 = Debug|Any CPU
		{3CA50594-DB00-4CA8-9CF5-D48170CACFB0}.Release|Any CPU.ActiveCfg = Release|Any CPU
		{3CA50594-DB00-4CA8-9CF5-D48170CACFB0}.Release|Any CPU.Build.0 = Release|Any CPU
	EndGlobalSection
	GlobalSection(SolutionProperties) = preSolution
		HideSolutionNode = FALSE
	EndGlobalSection
	GlobalSection(ExtensibilityGlobals) = postSolution
		SolutionGuid = {63809098-4624-4650-89B5-1DC36DEDCF19}
	EndGlobalSection
EndGlobal
